
Microsoft Visual Studio Solution File, Format Version 12.00
# Visual Studio Version 17
VisualStudioVersion = 17.3.32922.545
MinimumVisualStudioVersion = 10.0.40219.1
Project("{FAE04EC0-301F-11D3-BF4B-00C04F79EFBC}") = "Lzw", "Lzw\Lzw.csproj", "{63364641-0004-4161-B417-D4AEF2BA0DC4}"
EndProject
Project("{FAE04EC0-301F-11D3-BF4B-00C04F79EFBC}") = "Lzw.Demonstration", "Lzw.Demonstration\Lzw.Demonstration.csproj", "{72307F14-30CE-4CDB-B36F-576D39C82A23}"
EndProject
Global
	GlobalSection(SolutionConfigurationPlatforms) = preSolution
		Debug|Any CPU = Debug|Any CPU
		Release|Any CPU = Release|Any CPU
	EndGlobalSection
	GlobalSection(ProjectConfigurationPlatforms) = postSolution
		{63364641-0004-4161-B417-D4AEF2BA0DC4}.Debug|Any CPU.ActiveCfg = Debug|Any CPU
		{63364641-0004-4161-B417-D4AEF2BA0DC4}.Debug|Any CPU.Build.0 = Debug|Any CPU
		{63364641-0004-4161-B417-D4AEF2BA0DC4}.Release|Any CPU.ActiveCfg = Release|Any CPU
		{63364641-0004-4161-B417-D4AEF2BA0DC4}.Release|Any CPU.Build.0 = Release|Any CPU
		{72307F14-30CE-4CDB-B36F-576D39C82A23}.Debug|Any CPU.ActiveCfg = Debug|Any CPU
		{72307F14-30CE-4CDB-B36F-576D39C82A23}.Debug|Any CPU.Build.0 = Debug|Any CPU
		{72307F14-30CE-4CDB-B36F-576D39C82A23}.Release|Any CPU.ActiveCfg = Release|Any CPU
		{72307F14-30CE-4CDB-B36F-576D39C82A23}.Release|Any CPU.Build.0 = Release|Any CPU
	EndGlobalSection
	GlobalSection(SolutionProperties) = preSolution
		HideSolutionNode = FALSE
	EndGlobalSection
	GlobalSection(ExtensibilityGlobals) = postSolution
		SolutionGuid = {A476E226-39B5-40A2-AA31-50D5A1BC21C8}
	EndGlobalSection
EndGlobal
